
Microsoft Visual Studio Solution File, Format Version 12.00
# Visual Studio Version 17
VisualStudioVersion = 17.0.31919.166
MinimumVisualStudioVersion = 10.0.40219.1
Project("{FAE04EC0-301F-11D3-BF4B-00C04F79EFBC}") = "Launcher_Ransomware", "Launcher_Ransomware.csproj", "{8299911D-6A4B-410A-A854-F5B16700A5F7}"
EndProject
Global
	GlobalSection(SolutionConfigurationPlatforms) = preSolution
		Debug|Any CPU = Debug|Any CPU
		Release|Any CPU = Release|Any CPU
	EndGlobalSection
	GlobalSection(ProjectConfigurationPlatforms) = postSolution
		{8299911D-6A4B-410A-A854-F5B16700A5F7}.Debug|Any CPU.ActiveCfg = Debug|Any CPU
		{8299911D-6A4B-410A-A854-F5B16700A5F7}.Debug|Any CPU.Build.0 = Debug|Any CPU
		{8299911D-6A4B-410A-A854-F5B16700A5F7}.Release|Any CPU.ActiveCfg = Release|Any CPU
		{8299911D-6A4B-410A-A854-F5B16700A5F7}.Release|Any CPU.Build.0 = Release|Any CPU
	EndGlobalSection
	GlobalSection(SolutionProperties) = preSolution
		HideSolutionNode = FALSE
	EndGlobalSection
	GlobalSection(ExtensibilityGlobals) = postSolution
		SolutionGuid = {C1192F04-BCF6-4D94-B2D6-046CCC055FEE}
	EndGlobalSection
EndGlobal
